PODS:
  - CryptoSwift (1.8.1)
  - TikiClient (0.0.4):
    - CryptoSwift

DEPENDENCIES:
  - TikiClient (from `../`)

SPEC REPOS:
  trunk:
    - CryptoSwift

EXTERNAL SOURCES:
  TikiClient:
    :path: "../"

SPEC CHECKSUMS:
  CryptoSwift: b9c701d6f5011df23794dbf7f2e480a77835d83d
  TikiClient: b8d731fc3aa47a8262a49cde6ee77592f3438445

PODFILE CHECKSUM: 96d93e7c36e6d9cd116be19ddc3938e717dc0264

COCOAPODS: 1.14.3
