PODS:
  - CryptoSwift (1.8.2)
  - TikiClient (0.0.4):
    - CryptoSwift

DEPENDENCIES:
  - TikiClient (from `../`)

SPEC REPOS:
  trunk:
    - CryptoSwift

EXTERNAL SOURCES:
  TikiClient:
    :path: "../"

SPEC CHECKSUMS:
  CryptoSwift: c63a805d8bb5e5538e88af4e44bb537776af11ea
  TikiClient: b8d731fc3aa47a8262a49cde6ee77592f3438445

PODFILE CHECKSUM: 40b4e084f57008f1517e1137525ad282b8756281

COCOAPODS: 1.15.2
